
Microsoft Visual Studio Solution File, Format Version 12.00
# Visual Studio Version 17
VisualStudioVersion = 17.3.32929.385
MinimumVisualStudioVersion = 10.0.40219.1
Project("{FAE04EC0-301F-11D3-BF4B-00C04F79EFBC}") = "SerialReader", "SerialReader\SerialReader.csproj", "{38EF8CFE-13FB-4AEF-B119-71F92AAD2B80}"
EndProject
Global
	GlobalSection(SolutionConfigurationPlatforms) = preSolution
		Debug|Any CPU = Debug|Any CPU
		Release|Any CPU = Release|Any CPU
	EndGlobalSection
	GlobalSection(ProjectConfigurationPlatforms) = postSolution
		{38EF8CFE-13FB-4AEF-B119-71F92AAD2B80}.Debug|Any CPU.ActiveCfg = Debug|Any CPU
		{38EF8CFE-13FB-4AEF-B119-71F92AAD2B80}.Debug|Any CPU.Build.0 = Debug|Any CPU
		{38EF8CFE-13FB-4AEF-B119-71F92AAD2B80}.Release|Any CPU.ActiveCfg = Release|Any CPU
		{38EF8CFE-13FB-4AEF-B119-71F92AAD2B80}.Release|Any CPU.Build.0 = Release|Any CPU
	EndGlobalSection
	GlobalSection(SolutionProperties) = preSolution
		HideSolutionNode = FALSE
	EndGlobalSection
	GlobalSection(ExtensibilityGlobals) = postSolution
		SolutionGuid = {92A9B840-7A82-445B-A577-08C8AA16829A}
	EndGlobalSection
EndGlobal
